
Microsoft Visual Studio Solution File, Format Version 12.00
# Visual Studio Version 16
VisualStudioVersion = 16.0.31613.86
MinimumVisualStudioVersion = 10.0.40219.1
Project("{FAE04EC0-301F-11D3-BF4B-00C04F79EFBC}") = "FinalGameTetris", "FinalGameTetris\FinalGameTetris.csproj", "{514FA26B-C880-4E8F-BE1B-C9700F23117E}"
EndProject
Global
	GlobalSection(SolutionConfigurationPlatforms) = preSolution
		Debug|Any CPU = Debug|Any CPU
		Release|Any CPU = Release|Any CPU
	EndGlobalSection
	GlobalSection(ProjectConfigurationPlatforms) = postSolution
		{514FA26B-C880-4E8F-BE1B-C9700F23117E}.Debug|Any CPU.ActiveCfg = Debug|Any CPU
		{514FA26B-C880-4E8F-BE1B-C9700F23117E}.Debug|Any CPU.Build.0 = Debug|Any CPU
		{514FA26B-C880-4E8F-BE1B-C9700F23117E}.Release|Any CPU.ActiveCfg = Release|Any CPU
		{514FA26B-C880-4E8F-BE1B-C9700F23117E}.Release|Any CPU.Build.0 = Release|Any CPU
	EndGlobalSection
	GlobalSection(SolutionProperties) = preSolution
		HideSolutionNode = FALSE
	EndGlobalSection
	GlobalSection(ExtensibilityGlobals) = postSolution
		SolutionGuid = {13D4351E-F7D9-4705-836D-C1526E211A50}
	EndGlobalSection
EndGlobal
